
Microsoft Visual Studio Solution File, Format Version 12.00
# Visual Studio Version 17
VisualStudioVersion = 17.7.34003.232
MinimumVisualStudioVersion = 10.0.40219.1
Project("{9A19103F-16F7-4668-BE54-9A1E7A4F7556}") = "BulkBookWeb", "BulkBook\BulkBookWeb.csproj", "{3F9E6B52-A232-43EB-A5DD-42293CEBD3DE}"
EndProject
Project("{9A19103F-16F7-4668-BE54-9A1E7A4F7556}") = "BulkyBook.DataAccess", "Bulky.DataAccess\BulkyBook.DataAccess.csproj", "{62C6CFB7-6E25-4D7E-965B-5C02F566CD65}"
EndProject
Project("{9A19103F-16F7-4668-BE54-9A1E7A4F7556}") = "BulkyBook.Models", "Bulky.Models\BulkyBook.Models.csproj", "{D8BE9B89-8B6E-446D-A967-1E4666A7577E}"
EndProject
Project("{9A19103F-16F7-4668-BE54-9A1E7A4F7556}") = "BulkyBook.Utility", "Bulky.Utility\BulkyBook.Utility.csproj", "{731C9474-690F-4BEA-9EAE-5C6FED416269}"
EndProject
Global
	GlobalSection(SolutionConfigurationPlatforms) = preSolution
		Debug|Any CPU = Debug|Any CPU
		Release|Any CPU = Release|Any CPU
	EndGlobalSection
	GlobalSection(ProjectConfigurationPlatforms) = postSolution
		{3F9E6B52-A232-43EB-A5DD-42293CEBD3DE}.Debug|Any CPU.ActiveCfg = Debug|Any CPU
		{3F9E6B52-A232-43EB-A5DD-42293CEBD3DE}.Debug|Any CPU.Build.0 = Debug|Any CPU
		{3F9E6B52-A232-43EB-A5DD-42293CEBD3DE}.Release|Any CPU.ActiveCfg = Release|Any CPU
		{3F9E6B52-A232-43EB-A5DD-42293CEBD3DE}.Release|Any CPU.Build.0 = Release|Any CPU
		{62C6CFB7-6E25-4D7E-965B-5C02F566CD65}.Debug|Any CPU.ActiveCfg = Debug|Any CPU
		{62C6CFB7-6E25-4D7E-965B-5C02F566CD65}.Debug|Any CPU.Build.0 = Debug|Any CPU
		{62C6CFB7-6E25-4D7E-965B-5C02F566CD65}.Release|Any CPU.ActiveCfg = Release|Any CPU
		{62C6CFB7-6E25-4D7E-965B-5C02F566CD65}.Release|Any CPU.Build.0 = Release|Any CPU
		{D8BE9B89-8B6E-446D-A967-1E4666A7577E}.Debug|Any CPU.ActiveCfg = Debug|Any CPU
		{D8BE9B89-8B6E-446D-A967-1E4666A7577E}.Debug|Any CPU.Build.0 = Debug|Any CPU
		{D8BE9B89-8B6E-446D-A967-1E4666A7577E}.Release|Any CPU.ActiveCfg = Release|Any CPU
		{D8BE9B89-8B6E-446D-A967-1E4666A7577E}.Release|Any CPU.Build.0 = Release|Any CPU
		{731C9474-690F-4BEA-9EAE-5C6FED416269}.Debug|Any CPU.ActiveCfg = Debug|Any CPU
		{731C9474-690F-4BEA-9EAE-5C6FED416269}.Debug|Any CPU.Build.0 = Debug|Any CPU
		{731C9474-690F-4BEA-9EAE-5C6FED416269}.Release|Any CPU.ActiveCfg = Release|Any CPU
		{731C9474-690F-4BEA-9EAE-5C6FED416269}.Release|Any CPU.Build.0 = Release|Any CPU
	EndGlobalSection
	GlobalSection(SolutionProperties) = preSolution
		HideSolutionNode = FALSE
	EndGlobalSection
	GlobalSection(ExtensibilityGlobals) = postSolution
		SolutionGuid = {5033CAE8-EC34-4C6A-A47E-7445A3F06C20}
	EndGlobalSection
EndGlobal
